// !$*UTF8*$!
{
	archiveVersion = 1;
	classes = {
	};
	objectVersion = 46;
	objects = {

/* Begin PBXBuildFile section */
		A0821F0E1BBAB01600A51DDA /* AppDelegate.swift in Sources */ = {isa = PBXBuildFile; fileRef = A0821F0D1BBAB01600A51DDA /* AppDelegate.swift */; };
		A0821F101BBAB01600A51DDA /* ViewController.swift in Sources */ = {isa = PBXBuildFile; fileRef = A0821F0F1BBAB01600A51DDA /* ViewController.swift */; };
		A0821F131BBAB01600A51DDA /* Main.storyboard in Resources */ = {isa = PBXBuildFile; fileRef = A0821F111BBAB01600A51DDA /* Main.storyboard */; };
		A0821F151BBAB01600A51DDA /* Assets.xcassets in Resources */ = {isa = PBXBuildFile; fileRef = A0821F141BBAB01600A51DDA /* Assets.xcassets */; };
		A0821F181BBAB01600A51DDA /* LaunchScreen.storyboard in Resources */ = {isa = PBXBuildFile; fileRef = A0821F161BBAB01600A51DDA /* LaunchScreen.storyboard */; };
/* End PBXBuildFile section */

/* Begin PBXFileReference section */
		A0821F0A1BBAB01600A51DDA /* MyFirstApp.app */ = {isa = PBXFileReference; explicitFileType = wrapper.application; includeInIndex = 0; path = MyFirstApp.app; sourceTree = BUILT_PRODUCTS_DIR; };
		A0821F0D1BBAB01600A51DDA /* AppDelegate.swift */ = {isa = PBXFileReference; lastKnownFileType = sourcecode.swift; path = AppDelegate.swift; sourceTree = "<group>"; };
		A0821F0F1BBAB01600A51DDA /* ViewController.swift */ = {isa = PBXFileReference; lastKnownFileType = sourcecode.swift; path = ViewController.swift; sourceTree = "<group>"; };
		A0821F121BBAB01600A51DDA /* Base */ = {isa = PBXFileReference; lastKnownFileType = file.storyboard; name = Base; path = Base.lproj/Main.storyboard; sourceTree = "<group>"; };
		A0821F141BBAB01600A51DDA /* Assets.xcassets */ = {isa = PBXFileReference; lastKnownFileType = folder.assetcatalog; path = Assets.xcassets; sourceTree = "<group>"; };
		A0821F171BBAB01600A51DDA /* Base */ = {isa = PBXFileReference; lastKnownFileType = file.storyboard; name = Base; path = Base.lproj/LaunchScreen.storyboard; sourceTree = "<group>"; };
		A0821F191BBAB01600A51DDA /* Info.plist */ = {isa = PBXFileReference; lastKnownFileType = text.plist.xml; path = Info.plist; sourceTree = "<group>"; };
/* End PBXFileReference section */

/* Begin PBXFrameworksBuildPhase section */
		A0821F071BBAB01600A51DDA /* Frameworks */ = {
			isa = PBXFrameworksBuildPhase;
			buildActionMask = 2147483647;
			files = (
			);
			runOnlyForDeploymentPostprocessing = 0;
		};
/* End PBXFrameworksBuildPhase section */

/* Begin PBXGroup section */
		A0821F011BBAB01600A51DDA = {
			isa = PBXGroup;
			children = (
				A0821F0C1BBAB01600A51DDA /* MyFirstApp */,
				A0821F0B1BBAB01600A51DDA /* Products */,
			);
			sourceTree = "<group>";
		};
		A0821F0B1BBAB01600A51DDA /* Products */ = {
			isa = PBXGroup;
			children = (
				A0821F0A1BBAB01600A51DDA /* MyFirstApp.app */,
			);
			name = Products;
			sourceTree = "<group>";
		};
		A0821F0C1BBAB01600A51DDA /* MyFirstApp */ = {
			isa = PBXGroup;
			children = (
				A0821F0D1BBAB01600A51DDA /* AppDelegate.swift */,
				A0821F0F1BBAB01600A51DDA /* ViewController.swift */,
				A0821F111BBAB01600A51DDA /* Main.storyboard */,
				A0821F141BBAB01600A51DDA /* Assets.xcassets */,
				A0821F161BBAB01600A51DDA /* LaunchScreen.storyboard */,
				A0821F191BBAB01600A51DDA /* Info.plist */,
			);
			path = MyFirstApp;
			sourceTree = "<group>";
		};
/* End PBXGroup section */

/* Begin PBXNativeTarget section */
		A0821F091BBAB01600A51DDA /* MyFirstApp */ = {
			isa = PBXNativeTarget;
			buildConfigurationList = A0821F1C1BBAB01600A51DDA /* Build configuration list for PBXNativeTarget "MyFirstApp" */;
			buildPhases = (
				A0821F061BBAB01600A51DDA /* Sources */,
				A0821F071BBAB01600A51DDA /* Frameworks */,
				A0821F081BBAB01600A51DDA /* Resources */,
			);
			buildRules = (
			);
			dependencies = (
			);
			name = MyFirstApp;
			productName = MyFirstApp;
			productReference = A0821F0A1BBAB01600A51DDA /* MyFirstApp.app */;
			productType = "com.apple.product-type.application";
		};
/* End PBXNativeTarget section */

/* Begin PBXProject section */
		A0821F021BBAB01600A51DDA /* Project object */ = {
			isa = PBXProject;
			attributes = {
				LastUpgradeCheck = 0700;
				ORGANIZATIONNAME = "Danish Ahmed Ansari";
				TargetAttributes = {
					A0821F091BBAB01600A51DDA = {
						CreatedOnToolsVersion = 7.0;
					};
				};
			};
			buildConfigurationList = A0821F051BBAB01600A51DDA /* Build configuration list for PBXProject "MyFirstApp" */;
			compatibilityVersion = "Xcode 3.2";
			developmentRegion = English;
			hasScannedForEncodings = 0;
			knownRegions = (
				en,
				Base,
			);
			mainGroup = A0821F011BBAB01600A51DDA;
			productRefGroup = A0821F0B1BBAB01600A51DDA /* Products */;
			projectDirPath = "";
			projectRoot = "";
			targets = (
				A0821F091BBAB01600A51DDA /* MyFirstApp */,
			);
		};
/* End PBXProject section */

/* Begin PBXResourcesBuildPhase section */
		A0821F081BBAB01600A51DDA /* Resources */ = {
			isa = PBXResourcesBuildPhase;
			buildActionMask = 2147483647;
			files = (
				A0821F181BBAB01600A51DDA /* LaunchScreen.storyboard in Resources */,
				A0821F151BBAB01600A51DDA /* Assets.xcassets in Resources */,
				A0821F131BBAB01600A51DDA /* Main.storyboard in Resources */,
			);
			runOnlyForDeploymentPostprocessing = 0;
		};
/* End PBXResourcesBuildPhase section */

/* Begin PBXSourcesBuildPhase section */
		A0821F061BBAB01600A51DDA /* Sources */ = {
			isa = PBXSourcesBuildPhase;
			buildActionMask = 2147483647;
			files = (
				A0821F101BBAB01600A51DDA /* ViewController.swift in Sources */,
				A0821F0E1BBAB01600A51DDA /* AppDelegate.swift in Sources */,
			);
			runOnlyForDeploymentPostprocessing = 0;
		};
/* End PBXSourcesBuildPhase section */

/* Begin PBXVariantGroup section */
		A0821F111BBAB01600A51DDA /* Main.storyboard */ = {
			isa = PBXVariantGroup;
			children = (
				A0821F121BBAB01600A51DDA /* Base */,
			);
			name = Main.storyboard;
			sourceTree = "<group>";
		};
		A0821F161BBAB01600A51DDA /* LaunchScreen.storyboard */ = {
			isa = PBXVariantGroup;
			children = (
				A0821F171BBAB01600A51DDA /* Base */,
			);
			name = LaunchScreen.storyboard;
			sourceTree = "<group>";
		};
/* End PBXVariantGroup section */

/* Begin XCBuildConfiguration section */
		A0821F1A1BBAB01600A51DDA /* Debug */ = {
			isa = XCBuildConfiguration;
			buildSettings = {
				ALWAYS_SEARCH_USER_PATHS = NO;
				CLANG_CXX_LANGUAGE_STANDARD = "gnu++0x";
				CLANG_CXX_LIBRARY = "libc++";
				CLANG_ENABLE_MODULES = YES;
				CLANG_ENABLE_OBJC_ARC = YES;
				CLANG_WARN_BOOL_CONVERSION = YES;
				CLANG_WARN_CONSTANT_CONVERSION = YES;
				CLANG_WARN_DIRECT_OBJC_ISA_USAGE = YES_ERROR;
				CLANG_WARN_EMPTY_BODY = YES;
				CLANG_WARN_ENUM_CONVERSION = YES;
				CLANG_WARN_INT_CONVERSION = YES;
				CLANG_WARN_OBJC_ROOT_CLASS = YES_ERROR;
				CLANG_WARN_UNREACHABLE_CODE = YES;
				CLANG_WARN__DUPLICATE_METHOD_MATCH = YES;
				"CODE_SIGN_IDENTITY[sdk=iphoneos*]" = "iPhone Developer";
				COPY_PHASE_STRIP = NO;
				DEBUG_INFORMATION_FORMAT = dwarf;
				ENABLE_STRICT_OBJC_MSGSEND = YES;
				ENABLE_TESTABILITY = YES;
				GCC_C_LANGUAGE_STANDARD = gnu99;
				GCC_DYNAMIC_NO_PIC = NO;
				GCC_NO_COMMON_BLOCKS = YES;
				GCC_OPTIMIZATION_LEVEL = 0;
				GCC_PREPROCESSOR_DEFINITIONS = (
					"DEBUG=1",
					"$(inherited)",
				);
				GCC_WARN_64_TO_32_BIT_CONVERSION = YES;
				GCC_WARN_ABOUT_RETURN_TYPE = YES_ERROR;
				GCC_WARN_UNDECLARED_SELECTOR = YES;
				GCC_WARN_UNINITIALIZED_AUTOS = YES_AGGRESSIVE;
				GCC_WARN_UNUSED_FUNCTION = YES;
				GCC_WARN_UNUSED_VARIABLE = YES;
				IPHONEOS_DEPLOYMENT_TARGET = 9.0;
				MTL_ENABLE_DEBUG_INFO = YES;
				ONLY_ACTIVE_ARCH = YES;
				SDKROOT = iphoneos;
				SWIFT_OPTIMIZATION_LEVEL = "-Onone";
				TARGETED_DEVICE_FAMILY = "1,2";
			};
			name = Debug;
		};
		A0821F1B1BBAB01600A51DDA /* Release */ = {
			isa = XCBuildConfiguration;
			buildSettings = {
				ALWAYS_SEARCH_USER_PATHS = NO;
				CLANG_CXX_LANGUAGE_STANDARD = "gnu++0x";
				CLANG_CXX_LIBRARY = "libc++";
				CLANG_ENABLE_MODULES = YES;
				CLANG_ENABLE_OBJC_ARC = YES;
				CLANG_WARN_BOOL_CONVERSION = YES;
				CLANG_WARN_CONSTANT_CONVERSION = YES;
				CLANG_WARN_DIRECT_OBJC_ISA_USAGE = YES_ERROR;
				CLANG_WARN_EMPTY_BODY = YES;
				CLANG_WARN_ENUM_CONVERSION = YES;
				CLANG_WARN_INT_CONVERSION = YES;
				CLANG_WARN_OBJC_ROOT_CLASS = YES_ERROR;
				CLANG_WARN_UNREACHABLE_CODE = YES;
				CLANG_WARN__DUPLICATE_METHOD_MATCH = YES;
				"CODE_SIGN_IDENTITY[sdk=iphoneos*]" = "iPhone Developer";
				COPY_PHASE_STRIP = NO;
				DEBUG_INFORMATION_FORMAT = "dwarf-with-dsym";
				ENABLE_NS_ASSERTIONS = NO;
				ENABLE_STRICT_OBJC_MSGSEND = YES;
				GCC_C_LANGUAGE_STANDARD = gnu99;
				GCC_NO_COMMON_BLOCKS = YES;
				GCC_WARN_64_TO_32_BIT_CONVERSION = YES;
				GCC_WARN_ABOUT_RETURN_TYPE = YES_ERROR;
				GCC_WARN_UNDECLARED_SELECTOR = YES;
				GCC_WARN_UNINITIALIZED_AUTOS = YES_AGGRESSIVE;
				GCC_WARN_UNUSED_FUNCTION = YES;
				GCC_WARN_UNUSED_VARIABLE = YES;
				IPHONEOS_DEPLOYMENT_TARGET = 9.0;
				MTL_ENABLE_DEBUG_INFO = NO;
				SDKROOT = iphoneos;
				TARGETED_DEVICE_FAMILY = "1,2";
				VALIDATE_PRODUCT = YES;
			};
			name = Release;
		};
		A0821F1D1BBAB01600A51DDA /* Debug */ = {
			isa = XCBuildConfiguration;
			buildSettings = {
				ASSETCATALOG_COMPILER_APPICON_NAME = AppIcon;
				INFOPLIST_FILE = MyFirstApp/Info.plist;
				LD_RUNPATH_SEARCH_PATHS = "$(inherited) @executable_path/Frameworks";
				PRODUCT_BUNDLE_IDENTIFIER = daahmed.MyFirstApp;
				PRODUCT_NAME = "$(TARGET_NAME)";
			};
			name = Debug;
		};
		A0821F1E1BBAB01600A51DDA /* Release */ = {
			isa = XCBuildConfiguration;
			buildSettings = {
				ASSETCATALOG_COMPILER_APPICON_NAME = AppIcon;
				INFOPLIST_FILE = MyFirstApp/Info.plist;
				LD_RUNPATH_SEARCH_PATHS = "$(inherited) @executable_path/Frameworks";
				PRODUCT_BUNDLE_IDENTIFIER = daahmed.MyFirstApp;
				PRODUCT_NAME = "$(TARGET_NAME)";
			};
			name = Release;
		};
/* End XCBuildConfiguration section */

/* Begin XCConfigurationList section */
		A0821F051BBAB01600A51DDA /* Build configuration list for PBXProject "MyFirstApp" */ = {
			isa = XCConfigurationList;
			buildConfigurations = (
				A0821F1A1BBAB01600A51DDA /* Debug */,
				A0821F1B1BBAB01600A51DDA /* Release */,
			);
			defaultConfigurationIsVisible = 0;
			defaultConfigurationName = Release;
		};
		A0821F1C1BBAB01600A51DDA /* Build configuration list for PBXNativeTarget "MyFirstApp" */ = {
			isa = XCConfigurationList;
			buildConfigurations = (
				A0821F1D1BBAB01600A51DDA /* Debug */,
				A0821F1E1BBAB01600A51DDA /* Release */,
			);
			defaultConfigurationIsVisible = 0;
		};
/* End XCConfigurationList section */
	};
	rootObject = A0821F021BBAB01600A51DDA /* Project object */;
}
